# This file is automatically @generated by Cargo.
# It is not intended for manual editing.
[[package]]
name = "bimap"
version = "0.6.1"
source = "registry+https://github.com/rust-lang/crates.io-index"
checksum = "50ae17cabbc8a38a1e3e4c1a6a664e9a09672dc14d0896fa8d865d3a5a446b07"

[[package]]
name = "lazy_static"
version = "1.4.0"
source = "registry+https://github.com/rust-lang/crates.io-index"
checksum = "e2abad23fbc42b3700f2f279844dc832adb2b2eb069b2df918f455c4e18cc646"

[[package]]
name = "urd"
version = "0.1.0"
dependencies = [
 "bimap",
 "lazy_static",
]
